
Microsoft Visual Studio Solution File, Format Version 12.00
# Visual Studio Version 17
VisualStudioVersion = 17.13.35818.85 d17.13
MinimumVisualStudioVersion = 10.0.40219.1
Project("{FAE04EC0-301F-11D3-BF4B-00C04F79EFBC}") = "WebApiDocker", "WebApiDocker.csproj", "{72501F57-B578-4B0B-818F-3D057BEF9ADB}"
EndProject
Global
	GlobalSection(SolutionConfigurationPlatforms) = preSolution
		Debug|Any CPU = Debug|Any CPU
		Release|Any CPU = Release|Any CPU
	EndGlobalSection
	GlobalSection(ProjectConfigurationPlatforms) = postSolution
		{72501F57-B578-4B0B-818F-3D057BEF9ADB}.Debug|Any CPU.ActiveCfg = Debug|Any CPU
		{72501F57-B578-4B0B-818F-3D057BEF9ADB}.Debug|Any CPU.Build.0 = Debug|Any CPU
		{72501F57-B578-4B0B-818F-3D057BEF9ADB}.Release|Any CPU.ActiveCfg = Release|Any CPU
		{72501F57-B578-4B0B-818F-3D057BEF9ADB}.Release|Any CPU.Build.0 = Release|Any CPU
	EndGlobalSection
	GlobalSection(SolutionProperties) = preSolution
		HideSolutionNode = FALSE
	EndGlobalSection
	GlobalSection(ExtensibilityGlobals) = postSolution
		SolutionGuid = {C73A53AD-FE22-4C99-AE12-99CD10E27B3E}
	EndGlobalSection
EndGlobal
